// !$*UTF8*$!
{
	archiveVersion = 1;
	classes = {
	};
	objectVersion = 56;
	objects = {

/* Begin PBXBuildFile section */
		0C8C9C222A5D25BC008F948F /* AppDelegate.swift in Sources */ = {isa = PBXBuildFile; fileRef = 0C8C9C212A5D25BC008F948F /* AppDelegate.swift */; };
		0C8C9C242A5D25BC008F948F /* SceneDelegate.swift in Sources */ = {isa = PBXBuildFile; fileRef = 0C8C9C232A5D25BC008F948F /* SceneDelegate.swift */; };
		0C8C9C292A5D25BC008F948F /* Main.storyboard in Resources */ = {isa = PBXBuildFile; fileRef = 0C8C9C272A5D25BC008F948F /* Main.storyboard */; };
		0C8C9C2B2A5D25BD008F948F /* Assets.xcassets in Resources */ = {isa = PBXBuildFile; fileRef = 0C8C9C2A2A5D25BD008F948F /* Assets.xcassets */; };
		0C8C9C2E2A5D25BD008F948F /* LaunchScreen.storyboard in Resources */ = {isa = PBXBuildFile; fileRef = 0C8C9C2C2A5D25BD008F948F /* LaunchScreen.storyboard */; };
		0C8C9C362A5D35ED008F948F /* RestaurantTableViewController.swift in Sources */ = {isa = PBXBuildFile; fileRef = 0C8C9C352A5D35ED008F948F /* RestaurantTableViewController.swift */; };
		0C9A37F02A5D41C500D2BA69 /* RestaurantTableViewCell.swift in Sources */ = {isa = PBXBuildFile; fileRef = 0C9A37EF2A5D41C500D2BA69 /* RestaurantTableViewCell.swift */; };
		0C9A37F22A5FDFEF00D2BA69 /* Restaurant.swift in Sources */ = {isa = PBXBuildFile; fileRef = 0C9A37F12A5FDFEF00D2BA69 /* Restaurant.swift */; };
		0C9A37F72A5FE89C00D2BA69 /* RestaurantDiffableDataSource.swift in Sources */ = {isa = PBXBuildFile; fileRef = 0C9A37F62A5FE89C00D2BA69 /* RestaurantDiffableDataSource.swift */; };
		0C9A37FA2A60E43F00D2BA69 /* RestaurantDetailViewController.swift in Sources */ = {isa = PBXBuildFile; fileRef = 0C9A37F92A60E43F00D2BA69 /* RestaurantDetailViewController.swift */; };
		0C9A38072A60F65D00D2BA69 /* Nunito-Regular.ttf in Resources */ = {isa = PBXBuildFile; fileRef = 0C9A38052A60F65D00D2BA69 /* Nunito-Regular.ttf */; };
		0C9A38082A60F65D00D2BA69 /* Nunito-Bold.ttf in Resources */ = {isa = PBXBuildFile; fileRef = 0C9A38062A60F65D00D2BA69 /* Nunito-Bold.ttf */; };
		0C9A380A2A63406500D2BA69 /* RestaurantDetailHeaderView.swift in Sources */ = {isa = PBXBuildFile; fileRef = 0C9A38092A63406500D2BA69 /* RestaurantDetailHeaderView.swift */; };
		0C9A380C2A6350D200D2BA69 /* RestaurantDetailTextCell.swift in Sources */ = {isa = PBXBuildFile; fileRef = 0C9A380B2A6350D200D2BA69 /* RestaurantDetailTextCell.swift */; };
		0C9A380E2A6353AB00D2BA69 /* RestaurantDetailTwoColumnCell.swift in Sources */ = {isa = PBXBuildFile; fileRef = 0C9A380D2A6353AB00D2BA69 /* RestaurantDetailTwoColumnCell.swift */; };
/* End PBXBuildFile section */

/* Begin PBXFileReference section */
		0C8C9C1E2A5D25BC008F948F /* FoodPin.app */ = {isa = PBXFileReference; explicitFileType = wrapper.application; includeInIndex = 0; path = FoodPin.app; sourceTree = BUILT_PRODUCTS_DIR; };
		0C8C9C212A5D25BC008F948F /* AppDelegate.swift */ = {isa = PBXFileReference; lastKnownFileType = sourcecode.swift; path = AppDelegate.swift; sourceTree = "<group>"; };
		0C8C9C232A5D25BC008F948F /* SceneDelegate.swift */ = {isa = PBXFileReference; lastKnownFileType = sourcecode.swift; path = SceneDelegate.swift; sourceTree = "<group>"; };
		0C8C9C282A5D25BC008F948F /* Base */ = {isa = PBXFileReference; lastKnownFileType = file.storyboard; name = Base; path = Base.lproj/Main.storyboard; sourceTree = "<group>"; };
		0C8C9C2A2A5D25BD008F948F /* Assets.xcassets */ = {isa = PBXFileReference; lastKnownFileType = folder.assetcatalog; path = Assets.xcassets; sourceTree = "<group>"; };
		0C8C9C2D2A5D25BD008F948F /* Base */ = {isa = PBXFileReference; lastKnownFileType = file.storyboard; name = Base; path = Base.lproj/LaunchScreen.storyboard; sourceTree = "<group>"; };
		0C8C9C2F2A5D25BD008F948F /* Info.plist */ = {isa = PBXFileReference; lastKnownFileType = text.plist.xml; path = Info.plist; sourceTree = "<group>"; };
		0C8C9C352A5D35ED008F948F /* RestaurantTableViewController.swift */ = {isa = PBXFileReference; lastKnownFileType = sourcecode.swift; path = RestaurantTableViewController.swift; sourceTree = "<group>"; };
		0C9A37EF2A5D41C500D2BA69 /* RestaurantTableViewCell.swift */ = {isa = PBXFileReference; lastKnownFileType = sourcecode.swift; path = RestaurantTableViewCell.swift; sourceTree = "<group>"; };
		0C9A37F12A5FDFEF00D2BA69 /* Restaurant.swift */ = {isa = PBXFileReference; lastKnownFileType = sourcecode.swift; path = Restaurant.swift; sourceTree = "<group>"; };
		0C9A37F62A5FE89C00D2BA69 /* RestaurantDiffableDataSource.swift */ = {isa = PBXFileReference; lastKnownFileType = sourcecode.swift; path = RestaurantDiffableDataSource.swift; sourceTree = "<group>"; };
		0C9A37F92A60E43F00D2BA69 /* RestaurantDetailViewController.swift */ = {isa = PBXFileReference; lastKnownFileType = sourcecode.swift; path = RestaurantDetailViewController.swift; sourceTree = "<group>"; };
		0C9A38052A60F65D00D2BA69 /* Nunito-Regular.ttf */ = {isa = PBXFileReference; lastKnownFileType = file; path = "Nunito-Regular.ttf"; sourceTree = "<group>"; };
		0C9A38062A60F65D00D2BA69 /* Nunito-Bold.ttf */ = {isa = PBXFileReference; lastKnownFileType = file; path = "Nunito-Bold.ttf"; sourceTree = "<group>"; };
		0C9A38092A63406500D2BA69 /* RestaurantDetailHeaderView.swift */ = {isa = PBXFileReference; lastKnownFileType = sourcecode.swift; path = RestaurantDetailHeaderView.swift; sourceTree = "<group>"; };
		0C9A380B2A6350D200D2BA69 /* RestaurantDetailTextCell.swift */ = {isa = PBXFileReference; lastKnownFileType = sourcecode.swift; path = RestaurantDetailTextCell.swift; sourceTree = "<group>"; };
		0C9A380D2A6353AB00D2BA69 /* RestaurantDetailTwoColumnCell.swift */ = {isa = PBXFileReference; lastKnownFileType = sourcecode.swift; path = RestaurantDetailTwoColumnCell.swift; sourceTree = "<group>"; };
/* End PBXFileReference section */

/* Begin PBXFrameworksBuildPhase section */
		0C8C9C1B2A5D25BC008F948F /* Frameworks */ = {
			isa = PBXFrameworksBuildPhase;
			buildActionMask = 2147483647;
			files = (
			);
			runOnlyForDeploymentPostprocessing = 0;
		};
/* End PBXFrameworksBuildPhase section */

/* Begin PBXGroup section */
		0C8C9C152A5D25BC008F948F = {
			isa = PBXGroup;
			children = (
				0C8C9C202A5D25BC008F948F /* FoodPin */,
				0C8C9C1F2A5D25BC008F948F /* Products */,
			);
			sourceTree = "<group>";
		};
		0C8C9C1F2A5D25BC008F948F /* Products */ = {
			isa = PBXGroup;
			children = (
				0C8C9C1E2A5D25BC008F948F /* FoodPin.app */,
			);
			name = Products;
			sourceTree = "<group>";
		};
		0C8C9C202A5D25BC008F948F /* FoodPin */ = {
			isa = PBXGroup;
			children = (
				0C9A37FB2A60F51000D2BA69 /* Resources */,
				0C9A37F82A5FF39E00D2BA69 /* Storyboard */,
				0C9A37F32A5FE68F00D2BA69 /* Models */,
				0C9A37F52A5FE6B900D2BA69 /* Views */,
				0C9A37F42A5FE69600D2BA69 /* Controllers */,
				0C8C9C212A5D25BC008F948F /* AppDelegate.swift */,
				0C8C9C232A5D25BC008F948F /* SceneDelegate.swift */,
				0C8C9C2A2A5D25BD008F948F /* Assets.xcassets */,
				0C8C9C2F2A5D25BD008F948F /* Info.plist */,
			);
			path = FoodPin;
			sourceTree = "<group>";
		};
		0C9A37F32A5FE68F00D2BA69 /* Models */ = {
			isa = PBXGroup;
			children = (
				0C9A37F12A5FDFEF00D2BA69 /* Restaurant.swift */,
				0C9A37F62A5FE89C00D2BA69 /* RestaurantDiffableDataSource.swift */,
			);
			path = Models;
			sourceTree = "<group>";
		};
		0C9A37F42A5FE69600D2BA69 /* Controllers */ = {
			isa = PBXGroup;
			children = (
				0C8C9C352A5D35ED008F948F /* RestaurantTableViewController.swift */,
				0C9A37F92A60E43F00D2BA69 /* RestaurantDetailViewController.swift */,
			);
			path = Controllers;
			sourceTree = "<group>";
		};
		0C9A37F52A5FE6B900D2BA69 /* Views */ = {
			isa = PBXGroup;
			children = (
				0C9A37EF2A5D41C500D2BA69 /* RestaurantTableViewCell.swift */,
				0C9A38092A63406500D2BA69 /* RestaurantDetailHeaderView.swift */,
				0C9A380B2A6350D200D2BA69 /* RestaurantDetailTextCell.swift */,
				0C9A380D2A6353AB00D2BA69 /* RestaurantDetailTwoColumnCell.swift */,
			);
			path = Views;
			sourceTree = "<group>";
		};
		0C9A37F82A5FF39E00D2BA69 /* Storyboard */ = {
			isa = PBXGroup;
			children = (
				0C8C9C272A5D25BC008F948F /* Main.storyboard */,
				0C8C9C2C2A5D25BD008F948F /* LaunchScreen.storyboard */,
			);
			path = Storyboard;
			sourceTree = "<group>";
		};
		0C9A37FB2A60F51000D2BA69 /* Resources */ = {
			isa = PBXGroup;
			children = (
				0C9A37FC2A60F53D00D2BA69 /* Fonts */,
			);
			path = Resources;
			sourceTree = "<group>";
		};
		0C9A37FC2A60F53D00D2BA69 /* Fonts */ = {
			isa = PBXGroup;
			children = (
				0C9A38062A60F65D00D2BA69 /* Nunito-Bold.ttf */,
				0C9A38052A60F65D00D2BA69 /* Nunito-Regular.ttf */,
			);
			path = Fonts;
			sourceTree = "<group>";
		};
/* End PBXGroup section */

/* Begin PBXNativeTarget section */
		0C8C9C1D2A5D25BC008F948F /* FoodPin */ = {
			isa = PBXNativeTarget;
			buildConfigurationList = 0C8C9C322A5D25BD008F948F /* Build configuration list for PBXNativeTarget "FoodPin" */;
			buildPhases = (
				0C8C9C1A2A5D25BC008F948F /* Sources */,
				0C8C9C1B2A5D25BC008F948F /* Frameworks */,
				0C8C9C1C2A5D25BC008F948F /* Resources */,
			);
			buildRules = (
			);
			dependencies = (
			);
			name = FoodPin;
			productName = FoodPin;
			productReference = 0C8C9C1E2A5D25BC008F948F /* FoodPin.app */;
			productType = "com.apple.product-type.application";
		};
/* End PBXNativeTarget section */

/* Begin PBXProject section */
		0C8C9C162A5D25BC008F948F /* Project object */ = {
			isa = PBXProject;
			attributes = {
				BuildIndependentTargetsInParallel = 1;
				LastSwiftUpdateCheck = 1430;
				LastUpgradeCheck = 1430;
				TargetAttributes = {
					0C8C9C1D2A5D25BC008F948F = {
						CreatedOnToolsVersion = 14.3.1;
					};
				};
			};
			buildConfigurationList = 0C8C9C192A5D25BC008F948F /* Build configuration list for PBXProject "FoodPin" */;
			compatibilityVersion = "Xcode 14.0";
			developmentRegion = en;
			hasScannedForEncodings = 0;
			knownRegions = (
				en,
				Base,
			);
			mainGroup = 0C8C9C152A5D25BC008F948F;
			productRefGroup = 0C8C9C1F2A5D25BC008F948F /* Products */;
			projectDirPath = "";
			projectRoot = "";
			targets = (
				0C8C9C1D2A5D25BC008F948F /* FoodPin */,
			);
		};
/* End PBXProject section */

/* Begin PBXResourcesBuildPhase section */
		0C8C9C1C2A5D25BC008F948F /* Resources */ = {
			isa = PBXResourcesBuildPhase;
			buildActionMask = 2147483647;
			files = (
				0C8C9C2E2A5D25BD008F948F /* LaunchScreen.storyboard in Resources */,
				0C9A38082A60F65D00D2BA69 /* Nunito-Bold.ttf in Resources */,
				0C8C9C2B2A5D25BD008F948F /* Assets.xcassets in Resources */,
				0C9A38072A60F65D00D2BA69 /* Nunito-Regular.ttf in Resources */,
				0C8C9C292A5D25BC008F948F /* Main.storyboard in Resources */,
			);
			runOnlyForDeploymentPostprocessing = 0;
		};
/* End PBXResourcesBuildPhase section */

/* Begin PBXSourcesBuildPhase section */
		0C8C9C1A2A5D25BC008F948F /* Sources */ = {
			isa = PBXSourcesBuildPhase;
			buildActionMask = 2147483647;
			files = (
				0C9A37F22A5FDFEF00D2BA69 /* Restaurant.swift in Sources */,
				0C9A37F02A5D41C500D2BA69 /* RestaurantTableViewCell.swift in Sources */,
				0C9A37FA2A60E43F00D2BA69 /* RestaurantDetailViewController.swift in Sources */,
				0C9A380C2A6350D200D2BA69 /* RestaurantDetailTextCell.swift in Sources */,
				0C9A380E2A6353AB00D2BA69 /* RestaurantDetailTwoColumnCell.swift in Sources */,
				0C8C9C222A5D25BC008F948F /* AppDelegate.swift in Sources */,
				0C8C9C242A5D25BC008F948F /* SceneDelegate.swift in Sources */,
				0C9A37F72A5FE89C00D2BA69 /* RestaurantDiffableDataSource.swift in Sources */,
				0C9A380A2A63406500D2BA69 /* RestaurantDetailHeaderView.swift in Sources */,
				0C8C9C362A5D35ED008F948F /* RestaurantTableViewController.swift in Sources */,
			);
			runOnlyForDeploymentPostprocessing = 0;
		};
/* End PBXSourcesBuildPhase section */

/* Begin PBXVariantGroup section */
		0C8C9C272A5D25BC008F948F /* Main.storyboard */ = {
			isa = PBXVariantGroup;
			children = (
				0C8C9C282A5D25BC008F948F /* Base */,
			);
			name = Main.storyboard;
			sourceTree = "<group>";
		};
		0C8C9C2C2A5D25BD008F948F /* LaunchScreen.storyboard */ = {
			isa = PBXVariantGroup;
			children = (
				0C8C9C2D2A5D25BD008F948F /* Base */,
			);
			name = LaunchScreen.storyboard;
			sourceTree = "<group>";
		};
/* End PBXVariantGroup section */

/* Begin XCBuildConfiguration section */
		0C8C9C302A5D25BD008F948F /* Debug */ = {
			isa = XCBuildConfiguration;
			buildSettings = {
				ALWAYS_SEARCH_USER_PATHS = NO;
				CLANG_ANALYZER_NONNULL = YES;
				CLANG_ANALYZER_NUMBER_OBJECT_CONVERSION = YES_AGGRESSIVE;
				CLANG_CXX_LANGUAGE_STANDARD = "gnu++20";
				CLANG_ENABLE_MODULES = YES;
				CLANG_ENABLE_OBJC_ARC = YES;
				CLANG_ENABLE_OBJC_WEAK = YES;
				CLANG_WARN_BLOCK_CAPTURE_AUTORELEASING = YES;
				CLANG_WARN_BOOL_CONVERSION = YES;
				CLANG_WARN_COMMA = YES;
				CLANG_WARN_CONSTANT_CONVERSION = YES;
				CLANG_WARN_DEPRECATED_OBJC_IMPLEMENTATIONS = YES;
				CLANG_WARN_DIRECT_OBJC_ISA_USAGE = YES_ERROR;
				CLANG_WARN_DOCUMENTATION_COMMENTS = YES;
				CLANG_WARN_EMPTY_BODY = YES;
				CLANG_WARN_ENUM_CONVERSION = YES;
				CLANG_WARN_INFINITE_RECURSION = YES;
				CLANG_WARN_INT_CONVERSION = YES;
				CLANG_WARN_NON_LITERAL_NULL_CONVERSION = YES;
				CLANG_WARN_OBJC_IMPLICIT_RETAIN_SELF = YES;
				CLANG_WARN_OBJC_LITERAL_CONVERSION = YES;
				CLANG_WARN_OBJC_ROOT_CLASS = YES_ERROR;
				CLANG_WARN_QUOTED_INCLUDE_IN_FRAMEWORK_HEADER = YES;
				CLANG_WARN_RANGE_LOOP_ANALYSIS = YES;
				CLANG_WARN_STRICT_PROTOTYPES = YES;
				CLANG_WARN_SUSPICIOUS_MOVE = YES;
				CLANG_WARN_UNGUARDED_AVAILABILITY = YES_AGGRESSIVE;
				CLANG_WARN_UNREACHABLE_CODE = YES;
				CLANG_WARN__DUPLICATE_METHOD_MATCH = YES;
				COPY_PHASE_STRIP = NO;
				DEBUG_INFORMATION_FORMAT = dwarf;
				ENABLE_STRICT_OBJC_MSGSEND = YES;
				ENABLE_TESTABILITY = YES;
				GCC_C_LANGUAGE_STANDARD = gnu11;
				GCC_DYNAMIC_NO_PIC = NO;
				GCC_NO_COMMON_BLOCKS = YES;
				GCC_OPTIMIZATION_LEVEL = 0;
				GCC_PREPROCESSOR_DEFINITIONS = (
					"DEBUG=1",
					"$(inherited)",
				);
				GCC_WARN_64_TO_32_BIT_CONVERSION = YES;
				GCC_WARN_ABOUT_RETURN_TYPE = YES_ERROR;
				GCC_WARN_UNDECLARED_SELECTOR = YES;
				GCC_WARN_UNINITIALIZED_AUTOS = YES_AGGRESSIVE;
				GCC_WARN_UNUSED_FUNCTION = YES;
				GCC_WARN_UNUSED_VARIABLE = YES;
				IPHONEOS_DEPLOYMENT_TARGET = 16.4;
				MTL_ENABLE_DEBUG_INFO = INCLUDE_SOURCE;
				MTL_FAST_MATH = YES;
				ONLY_ACTIVE_ARCH = YES;
				SDKROOT = iphoneos;
				SWIFT_ACTIVE_COMPILATION_CONDITIONS = DEBUG;
				SWIFT_OPTIMIZATION_LEVEL = "-Onone";
			};
			name = Debug;
		};
		0C8C9C312A5D25BD008F948F /* Release */ = {
			isa = XCBuildConfiguration;
			buildSettings = {
				ALWAYS_SEARCH_USER_PATHS = NO;
				CLANG_ANALYZER_NONNULL = YES;
				CLANG_ANALYZER_NUMBER_OBJECT_CONVERSION = YES_AGGRESSIVE;
				CLANG_CXX_LANGUAGE_STANDARD = "gnu++20";
				CLANG_ENABLE_MODULES = YES;
				CLANG_ENABLE_OBJC_ARC = YES;
				CLANG_ENABLE_OBJC_WEAK = YES;
				CLANG_WARN_BLOCK_CAPTURE_AUTORELEASING = YES;
				CLANG_WARN_BOOL_CONVERSION = YES;
				CLANG_WARN_COMMA = YES;
				CLANG_WARN_CONSTANT_CONVERSION = YES;
				CLANG_WARN_DEPRECATED_OBJC_IMPLEMENTATIONS = YES;
				CLANG_WARN_DIRECT_OBJC_ISA_USAGE = YES_ERROR;
				CLANG_WARN_DOCUMENTATION_COMMENTS = YES;
				CLANG_WARN_EMPTY_BODY = YES;
				CLANG_WARN_ENUM_CONVERSION = YES;
				CLANG_WARN_INFINITE_RECURSION = YES;
				CLANG_WARN_INT_CONVERSION = YES;
				CLANG_WARN_NON_LITERAL_NULL_CONVERSION = YES;
				CLANG_WARN_OBJC_IMPLICIT_RETAIN_SELF = YES;
				CLANG_WARN_OBJC_LITERAL_CONVERSION = YES;
				CLANG_WARN_OBJC_ROOT_CLASS = YES_ERROR;
				CLANG_WARN_QUOTED_INCLUDE_IN_FRAMEWORK_HEADER = YES;
				CLANG_WARN_RANGE_LOOP_ANALYSIS = YES;
				CLANG_WARN_STRICT_PROTOTYPES = YES;
				CLANG_WARN_SUSPICIOUS_MOVE = YES;
				CLANG_WARN_UNGUARDED_AVAILABILITY = YES_AGGRESSIVE;
				CLANG_WARN_UNREACHABLE_CODE = YES;
				CLANG_WARN__DUPLICATE_METHOD_MATCH = YES;
				COPY_PHASE_STRIP = NO;
				DEBUG_INFORMATION_FORMAT = "dwarf-with-dsym";
				ENABLE_NS_ASSERTIONS = NO;
				ENABLE_STRICT_OBJC_MSGSEND = YES;
				GCC_C_LANGUAGE_STANDARD = gnu11;
				GCC_NO_COMMON_BLOCKS = YES;
				GCC_WARN_64_TO_32_BIT_CONVERSION = YES;
				GCC_WARN_ABOUT_RETURN_TYPE = YES_ERROR;
				GCC_WARN_UNDECLARED_SELECTOR = YES;
				GCC_WARN_UNINITIALIZED_AUTOS = YES_AGGRESSIVE;
				GCC_WARN_UNUSED_FUNCTION = YES;
				GCC_WARN_UNUSED_VARIABLE = YES;
				IPHONEOS_DEPLOYMENT_TARGET = 16.4;
				MTL_ENABLE_DEBUG_INFO = NO;
				MTL_FAST_MATH = YES;
				SDKROOT = iphoneos;
				SWIFT_COMPILATION_MODE = wholemodule;
				SWIFT_OPTIMIZATION_LEVEL = "-O";
				VALIDATE_PRODUCT = YES;
			};
			name = Release;
		};
		0C8C9C332A5D25BD008F948F /* Debug */ = {
			isa = XCBuildConfiguration;
			buildSettings = {
				ASSETCATALOG_COMPILER_APPICON_NAME = AppIcon;
				ASSETCATALOG_COMPILER_GLOBAL_ACCENT_COLOR_NAME = AccentColor;
				CODE_SIGN_STYLE = Automatic;
				CURRENT_PROJECT_VERSION = 1;
				GENERATE_INFOPLIST_FILE = YES;
				INFOPLIST_FILE = FoodPin/Info.plist;
				INFOPLIST_KEY_UIApplicationSupportsIndirectInputEvents = YES;
				INFOPLIST_KEY_UILaunchStoryboardName = LaunchScreen;
				INFOPLIST_KEY_UIMainStoryboardFile = Main;
				INFOPLIST_KEY_UISupportedInterfaceOrientations_iPad = "UIInterfaceOrientationPortrait UIInterfaceOrientationPortraitUpsideDown UIInterfaceOrientationLandscapeLeft UIInterfaceOrientationLandscapeRight";
				INFOPLIST_KEY_UISupportedInterfaceOrientations_iPhone = "UIInterfaceOrientationPortrait UIInterfaceOrientationLandscapeLeft UIInterfaceOrientationLandscapeRight";
				LD_RUNPATH_SEARCH_PATHS = (
					"$(inherited)",
					"@executable_path/Frameworks",
				);
				MARKETING_VERSION = 1.0;
				PRODUCT_BUNDLE_IDENTIFIER = daryl.app.FoodPin;
				PRODUCT_NAME = "$(TARGET_NAME)";
				SWIFT_EMIT_LOC_STRINGS = YES;
				SWIFT_VERSION = 5.0;
				TARGETED_DEVICE_FAMILY = "1,2";
			};
			name = Debug;
		};
		0C8C9C342A5D25BD008F948F /* Release */ = {
			isa = XCBuildConfiguration;
			buildSettings = {
				ASSETCATALOG_COMPILER_APPICON_NAME = AppIcon;
				ASSETCATALOG_COMPILER_GLOBAL_ACCENT_COLOR_NAME = AccentColor;
				CODE_SIGN_STYLE = Automatic;
				CURRENT_PROJECT_VERSION = 1;
				GENERATE_INFOPLIST_FILE = YES;
				INFOPLIST_FILE = FoodPin/Info.plist;
				INFOPLIST_KEY_UIApplicationSupportsIndirectInputEvents = YES;
				INFOPLIST_KEY_UILaunchStoryboardName = LaunchScreen;
				INFOPLIST_KEY_UIMainStoryboardFile = Main;
				INFOPLIST_KEY_UISupportedInterfaceOrientations_iPad = "UIInterfaceOrientationPortrait UIInterfaceOrientationPortraitUpsideDown UIInterfaceOrientationLandscapeLeft UIInterfaceOrientationLandscapeRight";
				INFOPLIST_KEY_UISupportedInterfaceOrientations_iPhone = "UIInterfaceOrientationPortrait UIInterfaceOrientationLandscapeLeft UIInterfaceOrientationLandscapeRight";
				LD_RUNPATH_SEARCH_PATHS = (
					"$(inherited)",
					"@executable_path/Frameworks",
				);
				MARKETING_VERSION = 1.0;
				PRODUCT_BUNDLE_IDENTIFIER = daryl.app.FoodPin;
				PRODUCT_NAME = "$(TARGET_NAME)";
				SWIFT_EMIT_LOC_STRINGS = YES;
				SWIFT_VERSION = 5.0;
				TARGETED_DEVICE_FAMILY = "1,2";
			};
			name = Release;
		};
/* End XCBuildConfiguration section */

/* Begin XCConfigurationList section */
		0C8C9C192A5D25BC008F948F /* Build configuration list for PBXProject "FoodPin" */ = {
			isa = XCConfigurationList;
			buildConfigurations = (
				0C8C9C302A5D25BD008F948F /* Debug */,
				0C8C9C312A5D25BD008F948F /* Release */,
			);
			defaultConfigurationIsVisible = 0;
			defaultConfigurationName = Release;
		};
		0C8C9C322A5D25BD008F948F /* Build configuration list for PBXNativeTarget "FoodPin" */ = {
			isa = XCConfigurationList;
			buildConfigurations = (
				0C8C9C332A5D25BD008F948F /* Debug */,
				0C8C9C342A5D25BD008F948F /* Release */,
			);
			defaultConfigurationIsVisible = 0;
			defaultConfigurationName = Release;
		};
/* End XCConfigurationList section */
	};
	rootObject = 0C8C9C162A5D25BC008F948F /* Project object */;
}
